dependencies:
  espressif/mdns:
    component_hash: 8bcf12e37c58c1d584aef32a02b92548124c7a3a9fcf548d3235c844a035e0f0
    dependencies:
    - name: idf
      require: private
      version: '>=5.0'
    source:
      registry_url: https://components.espressif.com/
      type: service
    version: 1.11.1
  idf:
    source:
      type: idf
    version: 5.5.4
direct_dependencies:
- espressif/mdns
- idf
manifest_hash: 6009cc9e71470c3a26c956f6d86b371f908d88d3868747f5e4fa8f122402673f
target: esp32
version: 2.0.0
